
Microsoft Visual Studio Solution File, Format Version 12.00
# Visual Studio 2013
VisualStudioVersion = 12.0.31101.0
MinimumVisualStudioVersion = 10.0.40219.1
Project("{FAE04EC0-301F-11D3-BF4B-00C04F79EFBC}") = "HearthstoneDeckBuilder", "HearthstoneDeckBuilder\HearthstoneDeckBuilder.csproj", "{B05A7CB1-E75F-42A1-ADD2-23AC3221F763}"
EndProject
Project("{FAE04EC0-301F-11D3-BF4B-00C04F79EFBC}") = "HearthstoneDeckBuilder.Tests", "..\..\..\Users\n.dessert\Documents\Visual Studio 2013\Projects\HearthstoneDeckBuilder\HearthstoneDeckBuilder.Tests\HearthstoneDeckBuilder.Tests.csproj", "{3CAC93DA-9815-4013-9591-5174B01E5D34}"
EndProject
Project("{2150E333-8FDC-42A3-9474-1A3956D46DE8}") = "PublishScripts", "PublishScripts", "{68942745-8538-4673-B040-412E8A7CE34B}"
	ProjectSection(SolutionItems) = preProject
		PublishScripts\AzureWebsitePublishModule.psm1 = PublishScripts\AzureWebsitePublishModule.psm1
		PublishScripts\Publish-WebApplicationWebsite.ps1 = PublishScripts\Publish-WebApplicationWebsite.ps1
	EndProjectSection
EndProject
Project("{2150E333-8FDC-42A3-9474-1A3956D46DE8}") = "Configurations", "Configurations", "{8C8A4291-47D2-4437-85FD-AF281B4E9574}"
	ProjectSection(SolutionItems) = preProject
		PublishScripts\Configurations\HearthstoneDeckBuilder-WAWS-dev.json = PublishScripts\Configurations\HearthstoneDeckBuilder-WAWS-dev.json
	EndProjectSection
EndProject
Global
	GlobalSection(SolutionConfigurationPlatforms) = preSolution
		Debug|Any CPU = Debug|Any CPU
		Release|Any CPU = Release|Any CPU
	EndGlobalSection
	GlobalSection(ProjectConfigurationPlatforms) = postSolution
		{B05A7CB1-E75F-42A1-ADD2-23AC3221F763}.Debug|Any CPU.ActiveCfg = Debug|Any CPU
		{B05A7CB1-E75F-42A1-ADD2-23AC3221F763}.Debug|Any CPU.Build.0 = Debug|Any CPU
		{B05A7CB1-E75F-42A1-ADD2-23AC3221F763}.Release|Any CPU.ActiveCfg = Release|Any CPU
		{B05A7CB1-E75F-42A1-ADD2-23AC3221F763}.Release|Any CPU.Build.0 = Release|Any CPU
		{3CAC93DA-9815-4013-9591-5174B01E5D34}.Debug|Any CPU.ActiveCfg = Debug|Any CPU
		{3CAC93DA-9815-4013-9591-5174B01E5D34}.Debug|Any CPU.Build.0 = Debug|Any CPU
		{3CAC93DA-9815-4013-9591-5174B01E5D34}.Release|Any CPU.ActiveCfg = Release|Any CPU
		{3CAC93DA-9815-4013-9591-5174B01E5D34}.Release|Any CPU.Build.0 = Release|Any CPU
	EndGlobalSection
	GlobalSection(SolutionProperties) = preSolution
		HideSolutionNode = FALSE
	EndGlobalSection
	GlobalSection(NestedProjects) = preSolution
		{8C8A4291-47D2-4437-85FD-AF281B4E9574} = {68942745-8538-4673-B040-412E8A7CE34B}
	EndGlobalSection
EndGlobal
